
Microsoft Visual Studio Solution File, Format Version 12.00
# Visual Studio Version 17
VisualStudioVersion = 17.1.32328.378
MinimumVisualStudioVersion = 10.0.40219.1
Project("{9A19103F-16F7-4668-BE54-9A1E7A4F7556}") = "LilyHid", "LilyHid.csproj", "{29631DC0-6E52-4FCD-8B4F-AADAD06DD5F0}"
EndProject
Project("{2150E333-8FDC-42A3-9474-1A3956D46DE8}") = "Solution Items", "Solution Items", "{2C0DF89C-2E72-4F70-9348-D81EFF55113E}"
	ProjectSection(SolutionItems) = preProject
		README.md = README.md
	EndProjectSection
EndProject
Global
	GlobalSection(SolutionConfigurationPlatforms) = preSolution
		Debug|Any CPU = Debug|Any CPU
		Release|Any CPU = Release|Any CPU
	EndGlobalSection
	GlobalSection(ProjectConfigurationPlatforms) = postSolution
		{29631DC0-6E52-4FCD-8B4F-AADAD06DD5F0}.Debug|Any CPU.ActiveCfg = Debug|Any CPU
		{29631DC0-6E52-4FCD-8B4F-AADAD06DD5F0}.Debug|Any CPU.Build.0 = Debug|Any CPU
		{29631DC0-6E52-4FCD-8B4F-AADAD06DD5F0}.Release|Any CPU.ActiveCfg = Release|Any CPU
		{29631DC0-6E52-4FCD-8B4F-AADAD06DD5F0}.Release|Any CPU.Build.0 = Release|Any CPU
	EndGlobalSection
	GlobalSection(SolutionProperties) = preSolution
		HideSolutionNode = FALSE
	EndGlobalSection
	GlobalSection(ExtensibilityGlobals) = postSolution
		SolutionGuid = {16855EC7-8893-4D80-9208-7775346C28F1}
	EndGlobalSection
EndGlobal
